
Microsoft Visual Studio Solution File, Format Version 12.00
# Visual Studio Version 17
VisualStudioVersion = 17.10.35013.160
MinimumVisualStudioVersion = 10.0.40219.1
Project("{FAE04EC0-301F-11D3-BF4B-00C04F79EFBC}") = "BookDataGenerator.UI", "BookDataGenerator.UI\BookDataGenerator.UI.csproj", "{9229A722-4C87-4F4D-80BE-B7696DCDDD72}"
EndProject
Global
	GlobalSection(SolutionConfigurationPlatforms) = preSolution
		Debug|Any CPU = Debug|Any CPU
		Release|Any CPU = Release|Any CPU
	EndGlobalSection
	GlobalSection(ProjectConfigurationPlatforms) = postSolution
		{9229A722-4C87-4F4D-80BE-B7696DCDDD72}.Debug|Any CPU.ActiveCfg = Debug|Any CPU
		{9229A722-4C87-4F4D-80BE-B7696DCDDD72}.Debug|Any CPU.Build.0 = Debug|Any CPU
		{9229A722-4C87-4F4D-80BE-B7696DCDDD72}.Release|Any CPU.ActiveCfg = Release|Any CPU
		{9229A722-4C87-4F4D-80BE-B7696DCDDD72}.Release|Any CPU.Build.0 = Release|Any CPU
	EndGlobalSection
	GlobalSection(SolutionProperties) = preSolution
		HideSolutionNode = FALSE
	EndGlobalSection
	GlobalSection(ExtensibilityGlobals) = postSolution
		SolutionGuid = {9178001E-53FA-456D-B053-FB1E5735CB78}
	EndGlobalSection
EndGlobal
